
Microsoft Visual Studio Solution File, Format Version 12.00
Project("{2150E333-8FDC-42A3-9474-1A3956D46DE8}") = "src", "src", "{8AAA216F-565A-4644-A3DE-D1BE03B3F0F2}"
EndProject
Project("{2150E333-8FDC-42A3-9474-1A3956D46DE8}") = "tests", "tests", "{52FB6B4F-A1B5-4341-86A2-75F577F94938}"
EndProject
Project("{FAE04EC0-301F-11D3-BF4B-00C04F79EFBC}") = "BDS.Api", "src\BDS.Api\BDS.Api.csproj", "{3533E939-1C61-4203-B87C-0F3565F4E921}"
EndProject
Project("{FAE04EC0-301F-11D3-BF4B-00C04F79EFBC}") = "BDS.Application", "src\BDS.Application\BDS.Application.csproj", "{3BE7156F-1089-4EC6-A661-44CEE7408AD2}"
EndProject
Project("{FAE04EC0-301F-11D3-BF4B-00C04F79EFBC}") = "BDS.Core", "src\BDS.Core\BDS.Core.csproj", "{52BCF0A3-0FBA-457D-A32C-9B5E1E248E78}"
EndProject
Project("{FAE04EC0-301F-11D3-BF4B-00C04F79EFBC}") = "BDS.Infrastructure", "src\BDS.Infrastructure\BDS.Infrastructure.csproj", "{2EF4811E-ACCF-468C-A7CC-DD4913072BBE}"
EndProject
Project("{FAE04EC0-301F-11D3-BF4B-00C04F79EFBC}") = "BDS.Communication", "src\BDS.Communication\BDS.Communication.csproj", "{D0140C48-8C10-49FB-9D94-6DEBC0C002F4}"
EndProject
Project("{FAE04EC0-301F-11D3-BF4B-00C04F79EFBC}") = "BDS.Exceptions", "src\BDS.Exceptions\BDS.Exceptions.csproj", "{FBDF71A8-58C9-41D5-A197-9CF0A6EC1BB8}"
EndProject
Project("{FAE04EC0-301F-11D3-BF4B-00C04F79EFBC}") = "CommonTestUtilities", "tests\CommonTestUtilities\CommonTestUtilities.csproj", "{00F71477-AC54-49FF-BC06-B4B6B1272F8E}"
EndProject
Project("{FAE04EC0-301F-11D3-BF4B-00C04F79EFBC}") = "Validators.Test", "tests\Validators.Test\Validators.Test.csproj", "{DEEDFF34-6B40-4EE9-A594-B31B2FF70E96}"
EndProject
Project("{FAE04EC0-301F-11D3-BF4B-00C04F79EFBC}") = "UseCases.Test", "tests\UseCases.Test\UseCases.Test.csproj", "{12B2FC00-8F34-46D8-840E-5161A51DB287}"
EndProject
Project("{FAE04EC0-301F-11D3-BF4B-00C04F79EFBC}") = "WebApi.Test", "tests\WebApi.Test\WebApi.Test.csproj", "{2B060FEF-4A74-400A-9813-FCA8A9E1E865}"
EndProject
Global
	GlobalSection(SolutionConfigurationPlatforms) = preSolution
		Debug|Any CPU = Debug|Any CPU
		Release|Any CPU = Release|Any CPU
	EndGlobalSection
	GlobalSection(NestedProjects) = preSolution
		{3533E939-1C61-4203-B87C-0F3565F4E921} = {8AAA216F-565A-4644-A3DE-D1BE03B3F0F2}
		{3BE7156F-1089-4EC6-A661-44CEE7408AD2} = {8AAA216F-565A-4644-A3DE-D1BE03B3F0F2}
		{52BCF0A3-0FBA-457D-A32C-9B5E1E248E78} = {8AAA216F-565A-4644-A3DE-D1BE03B3F0F2}
		{2EF4811E-ACCF-468C-A7CC-DD4913072BBE} = {8AAA216F-565A-4644-A3DE-D1BE03B3F0F2}
		{D0140C48-8C10-49FB-9D94-6DEBC0C002F4} = {8AAA216F-565A-4644-A3DE-D1BE03B3F0F2}
		{FBDF71A8-58C9-41D5-A197-9CF0A6EC1BB8} = {8AAA216F-565A-4644-A3DE-D1BE03B3F0F2}
		{00F71477-AC54-49FF-BC06-B4B6B1272F8E} = {52FB6B4F-A1B5-4341-86A2-75F577F94938}
		{DEEDFF34-6B40-4EE9-A594-B31B2FF70E96} = {52FB6B4F-A1B5-4341-86A2-75F577F94938}
		{12B2FC00-8F34-46D8-840E-5161A51DB287} = {52FB6B4F-A1B5-4341-86A2-75F577F94938}
		{2B060FEF-4A74-400A-9813-FCA8A9E1E865} = {52FB6B4F-A1B5-4341-86A2-75F577F94938}
	EndGlobalSection
	GlobalSection(ProjectConfigurationPlatforms) = postSolution
		{3533E939-1C61-4203-B87C-0F3565F4E921}.Debug|Any CPU.ActiveCfg = Debug|Any CPU
		{3533E939-1C61-4203-B87C-0F3565F4E921}.Debug|Any CPU.Build.0 = Debug|Any CPU
		{3533E939-1C61-4203-B87C-0F3565F4E921}.Release|Any CPU.ActiveCfg = Release|Any CPU
		{3533E939-1C61-4203-B87C-0F3565F4E921}.Release|Any CPU.Build.0 = Release|Any CPU
		{3BE7156F-1089-4EC6-A661-44CEE7408AD2}.Debug|Any CPU.ActiveCfg = Debug|Any CPU
		{3BE7156F-1089-4EC6-A661-44CEE7408AD2}.Debug|Any CPU.Build.0 = Debug|Any CPU
		{3BE7156F-1089-4EC6-A661-44CEE7408AD2}.Release|Any CPU.ActiveCfg = Release|Any CPU
		{3BE7156F-1089-4EC6-A661-44CEE7408AD2}.Release|Any CPU.Build.0 = Release|Any CPU
		{52BCF0A3-0FBA-457D-A32C-9B5E1E248E78}.Debug|Any CPU.ActiveCfg = Debug|Any CPU
		{52BCF0A3-0FBA-457D-A32C-9B5E1E248E78}.Debug|Any CPU.Build.0 = Debug|Any CPU
		{52BCF0A3-0FBA-457D-A32C-9B5E1E248E78}.Release|Any CPU.ActiveCfg = Release|Any CPU
		{52BCF0A3-0FBA-457D-A32C-9B5E1E248E78}.Release|Any CPU.Build.0 = Release|Any CPU
		{2EF4811E-ACCF-468C-A7CC-DD4913072BBE}.Debug|Any CPU.ActiveCfg = Debug|Any CPU
		{2EF4811E-ACCF-468C-A7CC-DD4913072BBE}.Debug|Any CPU.Build.0 = Debug|Any CPU
		{2EF4811E-ACCF-468C-A7CC-DD4913072BBE}.Release|Any CPU.ActiveCfg = Release|Any CPU
		{2EF4811E-ACCF-468C-A7CC-DD4913072BBE}.Release|Any CPU.Build.0 = Release|Any CPU
		{D0140C48-8C10-49FB-9D94-6DEBC0C002F4}.Debug|Any CPU.ActiveCfg = Debug|Any CPU
		{D0140C48-8C10-49FB-9D94-6DEBC0C002F4}.Debug|Any CPU.Build.0 = Debug|Any CPU
		{D0140C48-8C10-49FB-9D94-6DEBC0C002F4}.Release|Any CPU.ActiveCfg = Release|Any CPU
		{D0140C48-8C10-49FB-9D94-6DEBC0C002F4}.Release|Any CPU.Build.0 = Release|Any CPU
		{FBDF71A8-58C9-41D5-A197-9CF0A6EC1BB8}.Debug|Any CPU.ActiveCfg = Debug|Any CPU
		{FBDF71A8-58C9-41D5-A197-9CF0A6EC1BB8}.Debug|Any CPU.Build.0 = Debug|Any CPU
		{FBDF71A8-58C9-41D5-A197-9CF0A6EC1BB8}.Release|Any CPU.ActiveCfg = Release|Any CPU
		{FBDF71A8-58C9-41D5-A197-9CF0A6EC1BB8}.Release|Any CPU.Build.0 = Release|Any CPU
		{00F71477-AC54-49FF-BC06-B4B6B1272F8E}.Debug|Any CPU.ActiveCfg = Debug|Any CPU
		{00F71477-AC54-49FF-BC06-B4B6B1272F8E}.Debug|Any CPU.Build.0 = Debug|Any CPU
		{00F71477-AC54-49FF-BC06-B4B6B1272F8E}.Release|Any CPU.ActiveCfg = Release|Any CPU
		{00F71477-AC54-49FF-BC06-B4B6B1272F8E}.Release|Any CPU.Build.0 = Release|Any CPU
		{DEEDFF34-6B40-4EE9-A594-B31B2FF70E96}.Debug|Any CPU.ActiveCfg = Debug|Any CPU
		{DEEDFF34-6B40-4EE9-A594-B31B2FF70E96}.Debug|Any CPU.Build.0 = Debug|Any CPU
		{DEEDFF34-6B40-4EE9-A594-B31B2FF70E96}.Release|Any CPU.ActiveCfg = Release|Any CPU
		{DEEDFF34-6B40-4EE9-A594-B31B2FF70E96}.Release|Any CPU.Build.0 = Release|Any CPU
		{12B2FC00-8F34-46D8-840E-5161A51DB287}.Debug|Any CPU.ActiveCfg = Debug|Any CPU
		{12B2FC00-8F34-46D8-840E-5161A51DB287}.Debug|Any CPU.Build.0 = Debug|Any CPU
		{12B2FC00-8F34-46D8-840E-5161A51DB287}.Release|Any CPU.ActiveCfg = Release|Any CPU
		{12B2FC00-8F34-46D8-840E-5161A51DB287}.Release|Any CPU.Build.0 = Release|Any CPU
		{2B060FEF-4A74-400A-9813-FCA8A9E1E865}.Debug|Any CPU.ActiveCfg = Debug|Any CPU
		{2B060FEF-4A74-400A-9813-FCA8A9E1E865}.Debug|Any CPU.Build.0 = Debug|Any CPU
		{2B060FEF-4A74-400A-9813-FCA8A9E1E865}.Release|Any CPU.ActiveCfg = Release|Any CPU
		{2B060FEF-4A74-400A-9813-FCA8A9E1E865}.Release|Any CPU.Build.0 = Release|Any CPU
	EndGlobalSection
EndGlobal
